// !$*UTF8*$!
{
	archiveVersion = 1;
	classes = {
	};
	objectVersion = 46;
	objects = {

/* Begin PBXBuildFile section */
		5BBC189F1F0A0D8D0014209D /* InfiniteScrollActivityView.swift in Sources */ = {isa = PBXBuildFile; fileRef = 5BBC189E1F0A0D8D0014209D /* InfiniteScrollActivityView.swift */; };
		5BBC18A31F0A49FB0014209D /* TweetPhoto.swift in Sources */ = {isa = PBXBuildFile; fileRef = 5BBC18A21F0A49FB0014209D /* TweetPhoto.swift */; };
		5BC7DBAB1F07D64000AEE6D6 /* DetailViewController.swift in Sources */ = {isa = PBXBuildFile; fileRef = 5BC7DBAA1F07D64000AEE6D6 /* DetailViewController.swift */; };
		5BC7DBAD1F07F8DE00AEE6D6 /* NewTwetterViewController.swift in Sources */ = {isa = PBXBuildFile; fileRef = 5BC7DBAC1F07F8DE00AEE6D6 /* NewTwetterViewController.swift */; };
		5BCCD0CA1F056BB500F1F91A /* TimeLineCell.swift in Sources */ = {isa = PBXBuildFile; fileRef = 5BCCD0C91F056BB500F1F91A /* TimeLineCell.swift */; };
		5BDB857C1F08976600C9ABDA /* Constraints+.swift in Sources */ = {isa = PBXBuildFile; fileRef = 5BDB85741F08976600C9ABDA /* Constraints+.swift */; };
		5BDB857D1F08976600C9ABDA /* Easing.swift in Sources */ = {isa = PBXBuildFile; fileRef = 5BDB85751F08976600C9ABDA /* Easing.swift */; };
		5BDB857E1F08976600C9ABDA /* Geometry.swift in Sources */ = {isa = PBXBuildFile; fileRef = 5BDB85761F08976600C9ABDA /* Geometry.swift */; };
		5BDB857F1F08976600C9ABDA /* Init.swift in Sources */ = {isa = PBXBuildFile; fileRef = 5BDB85771F08976600C9ABDA /* Init.swift */; };
		5BDB85801F08976600C9ABDA /* FaveButton.swift in Sources */ = {isa = PBXBuildFile; fileRef = 5BDB85781F08976600C9ABDA /* FaveButton.swift */; };
		5BDB85811F08976600C9ABDA /* FaveIcon.swift in Sources */ = {isa = PBXBuildFile; fileRef = 5BDB85791F08976600C9ABDA /* FaveIcon.swift */; };
		5BDB85821F08976600C9ABDA /* Ring.swift in Sources */ = {isa = PBXBuildFile; fileRef = 5BDB857A1F08976600C9ABDA /* Ring.swift */; };
		5BDB85831F08976600C9ABDA /* Spark.swift in Sources */ = {isa = PBXBuildFile; fileRef = 5BDB857B1F08976600C9ABDA /* Spark.swift */; };
		5BDB85851F0920B800C9ABDA /* ReplyViewController.swift in Sources */ = {isa = PBXBuildFile; fileRef = 5BDB85841F0920B800C9ABDA /* ReplyViewController.swift */; };
		5BDB85871F096B1000C9ABDA /* MyColor.swift in Sources */ = {isa = PBXBuildFile; fileRef = 5BDB85861F096B1000C9ABDA /* MyColor.swift */; };
		5BF6BE0B1F039F65007C6ECD /* AppDelegate.swift in Sources */ = {isa = PBXBuildFile; fileRef = 5BF6BE0A1F039F65007C6ECD /* AppDelegate.swift */; };
		5BF6BE101F039F65007C6ECD /* Main.storyboard in Resources */ = {isa = PBXBuildFile; fileRef = 5BF6BE0E1F039F65007C6ECD /* Main.storyboard */; };
		5BF6BE121F039F65007C6ECD /* Assets.xcassets in Resources */ = {isa = PBXBuildFile; fileRef = 5BF6BE111F039F65007C6ECD /* Assets.xcassets */; };
		5BF6BE151F039F65007C6ECD /* LaunchScreen.storyboard in Resources */ = {isa = PBXBuildFile; fileRef = 5BF6BE131F039F65007C6ECD /* LaunchScreen.storyboard */; };
		5BF6BE201F039F65007C6ECD /* TwitterClientTests.swift in Sources */ = {isa = PBXBuildFile; fileRef = 5BF6BE1F1F039F65007C6ECD /* TwitterClientTests.swift */; };
		5BF6BE2B1F039F66007C6ECD /* TwitterClientUITests.swift in Sources */ = {isa = PBXBuildFile; fileRef = 5BF6BE2A1F039F66007C6ECD /* TwitterClientUITests.swift */; };
		5BF6BE3D1F03A107007C6ECD /* TwitterAPI.swift in Sources */ = {isa = PBXBuildFile; fileRef = 5BF6BE3C1F03A107007C6ECD /* TwitterAPI.swift */; };
		5BF6BE3F1F03A1F0007C6ECD /* User.swift in Sources */ = {isa = PBXBuildFile; fileRef = 5BF6BE3E1F03A1F0007C6ECD /* User.swift */; };
		5BF6BE411F03A20E007C6ECD /* TimeLine.swift in Sources */ = {isa = PBXBuildFile; fileRef = 5BF6BE401F03A20E007C6ECD /* TimeLine.swift */; };
		5BF6BE431F03A86E007C6ECD /* LoginViewController.swift in Sources */ = {isa = PBXBuildFile; fileRef = 5BF6BE421F03A86E007C6ECD /* LoginViewController.swift */; };
		5BF6BE451F03AE92007C6ECD /* TimeLineViewController.swift in Sources */ = {isa = PBXBuildFile; fileRef = 5BF6BE441F03AE92007C6ECD /* TimeLineViewController.swift */; };
		650C37973FB51695CF6D328C /* Pods_TwitterClientTests.framework in Frameworks */ = {isa = PBXBuildFile; fileRef = 0C880288F84FBE1F021A0168 /* Pods_TwitterClientTests.framework */; };
		9072CBA25DC6CFB7ED760C4A /* Pods_TwitterClient.framework in Frameworks */ = {isa = PBXBuildFile; fileRef = 307AD26A290DB32D80E4BA65 /* Pods_TwitterClient.framework */; };
		BF67CD812AC1E01589A16F15 /* Pods_TwitterClientUITests.framework in Frameworks */ = {isa = PBXBuildFile; fileRef = 960E75CEE811107F4864725F /* Pods_TwitterClientUITests.framework */; };
/* End PBXBuildFile section */

/* Begin PBXContainerItemProxy section */
		5BF6BE1C1F039F65007C6ECD /* PBXContainerItemProxy */ = {
			isa = PBXContainerItemProxy;
			containerPortal = 5BF6BDFF1F039F65007C6ECD /* Project object */;
			proxyType = 1;
			remoteGlobalIDString = 5BF6BE061F039F65007C6ECD;
			remoteInfo = TwitterClient;
		};
		5BF6BE271F039F66007C6ECD /* PBXContainerItemProxy */ = {
			isa = PBXContainerItemProxy;
			containerPortal = 5BF6BDFF1F039F65007C6ECD /* Project object */;
			proxyType = 1;
			remoteGlobalIDString = 5BF6BE061F039F65007C6ECD;
			remoteInfo = TwitterClient;
		};
/* End PBXContainerItemProxy section */

/* Begin PBXFileReference section */
		0C880288F84FBE1F021A0168 /* Pods_TwitterClientTests.framework */ = {isa = PBXFileReference; explicitFileType = wrapper.framework; includeInIndex = 0; path = Pods_TwitterClientTests.framework; sourceTree = BUILT_PRODUCTS_DIR; };
		307AD26A290DB32D80E4BA65 /* Pods_TwitterClient.framework */ = {isa = PBXFileReference; explicitFileType = wrapper.framework; includeInIndex = 0; path = Pods_TwitterClient.framework; sourceTree = BUILT_PRODUCTS_DIR; };
		5305C9FF10B4A213D3DBC578 /* Pods-TwitterClient.debug.xcconfig */ = {isa = PBXFileReference; includeInIndex = 1; lastKnownFileType = text.xcconfig; name = "Pods-TwitterClient.debug.xcconfig"; path = "Pods/Target Support Files/Pods-TwitterClient/Pods-TwitterClient.debug.xcconfig"; sourceTree = "<group>"; };
		5BBC189E1F0A0D8D0014209D /* InfiniteScrollActivityView.swift */ = {isa = PBXFileReference; fileEncoding = 4; lastKnownFileType = sourcecode.swift; path = InfiniteScrollActivityView.swift; sourceTree = "<group>"; };
		5BBC18A21F0A49FB0014209D /* TweetPhoto.swift */ = {isa = PBXFileReference; fileEncoding = 4; lastKnownFileType = sourcecode.swift; path = TweetPhoto.swift; sourceTree = "<group>"; };
		5BC7DBAA1F07D64000AEE6D6 /* DetailViewController.swift */ = {isa = PBXFileReference; fileEncoding = 4; lastKnownFileType = sourcecode.swift; path = DetailViewController.swift; sourceTree = "<group>"; };
		5BC7DBAC1F07F8DE00AEE6D6 /* NewTwetterViewController.swift */ = {isa = PBXFileReference; fileEncoding = 4; lastKnownFileType = sourcecode.swift; path = NewTwetterViewController.swift; sourceTree = "<group>"; };
		5BCCD0C91F056BB500F1F91A /* TimeLineCell.swift */ = {isa = PBXFileReference; fileEncoding = 4; lastKnownFileType = sourcecode.swift; path = TimeLineCell.swift; sourceTree = "<group>"; };
		5BDB85741F08976600C9ABDA /* Constraints+.swift */ = {isa = PBXFileReference; fileEncoding = 4; lastKnownFileType = sourcecode.swift; path = "Constraints+.swift"; sourceTree = "<group>"; };
		5BDB85751F08976600C9ABDA /* Easing.swift */ = {isa = PBXFileReference; fileEncoding = 4; lastKnownFileType = sourcecode.swift; path = Easing.swift; sourceTree = "<group>"; };
		5BDB85761F08976600C9ABDA /* Geometry.swift */ = {isa = PBXFileReference; fileEncoding = 4; lastKnownFileType = sourcecode.swift; path = Geometry.swift; sourceTree = "<group>"; };
		5BDB85771F08976600C9ABDA /* Init.swift */ = {isa = PBXFileReference; fileEncoding = 4; lastKnownFileType = sourcecode.swift; path = Init.swift; sourceTree = "<group>"; };
		5BDB85781F08976600C9ABDA /* FaveButton.swift */ = {isa = PBXFileReference; fileEncoding = 4; lastKnownFileType = sourcecode.swift; path = FaveButton.swift; sourceTree = "<group>"; };
		5BDB85791F08976600C9ABDA /* FaveIcon.swift */ = {isa = PBXFileReference; fileEncoding = 4; lastKnownFileType = sourcecode.swift; path = FaveIcon.swift; sourceTree = "<group>"; };
		5BDB857A1F08976600C9ABDA /* Ring.swift */ = {isa = PBXFileReference; fileEncoding = 4; lastKnownFileType = sourcecode.swift; path = Ring.swift; sourceTree = "<group>"; };
		5BDB857B1F08976600C9ABDA /* Spark.swift */ = {isa = PBXFileReference; fileEncoding = 4; lastKnownFileType = sourcecode.swift; path = Spark.swift; sourceTree = "<group>"; };
		5BDB85841F0920B800C9ABDA /* ReplyViewController.swift */ = {isa = PBXFileReference; fileEncoding = 4; lastKnownFileType = sourcecode.swift; path = ReplyViewController.swift; sourceTree = "<group>"; };
		5BDB85861F096B1000C9ABDA /* MyColor.swift */ = {isa = PBXFileReference; fileEncoding = 4; lastKnownFileType = sourcecode.swift; path = MyColor.swift; sourceTree = "<group>"; };
		5BF6BE071F039F65007C6ECD /* TwitterClient.app */ = {isa = PBXFileReference; explicitFileType = wrapper.application; includeInIndex = 0; path = TwitterClient.app; sourceTree = BUILT_PRODUCTS_DIR; };
		5BF6BE0A1F039F65007C6ECD /* AppDelegate.swift */ = {isa = PBXFileReference; lastKnownFileType = sourcecode.swift; path = AppDelegate.swift; sourceTree = "<group>"; };
		5BF6BE0F1F039F65007C6ECD /* Base */ = {isa = PBXFileReference; lastKnownFileType = file.storyboard; name = Base; path = Base.lproj/Main.storyboard; sourceTree = "<group>"; };
		5BF6BE111F039F65007C6ECD /* Assets.xcassets */ = {isa = PBXFileReference; lastKnownFileType = folder.assetcatalog; path = Assets.xcassets; sourceTree = "<group>"; };
		5BF6BE141F039F65007C6ECD /* Base */ = {isa = PBXFileReference; lastKnownFileType = file.storyboard; name = Base; path = Base.lproj/LaunchScreen.storyboard; sourceTree = "<group>"; };
		5BF6BE161F039F65007C6ECD /* Info.plist */ = {isa = PBXFileReference; lastKnownFileType = text.plist.xml; path = Info.plist; sourceTree = "<group>"; };
		5BF6BE1B1F039F65007C6ECD /* TwitterClientTests.xctest */ = {isa = PBXFileReference; explicitFileType = wrapper.cfbundle; includeInIndex = 0; path = TwitterClientTests.xctest; sourceTree = BUILT_PRODUCTS_DIR; };
		5BF6BE1F1F039F65007C6ECD /* TwitterClientTests.swift */ = {isa = PBXFileReference; lastKnownFileType = sourcecode.swift; path = TwitterClientTests.swift; sourceTree = "<group>"; };
		5BF6BE211F039F65007C6ECD /* Info.plist */ = {isa = PBXFileReference; lastKnownFileType = text.plist.xml; path = Info.plist; sourceTree = "<group>"; };
		5BF6BE261F039F66007C6ECD /* TwitterClientUITests.xctest */ = {isa = PBXFileReference; explicitFileType = wrapper.cfbundle; includeInIndex = 0; path = TwitterClientUITests.xctest; sourceTree = BUILT_PRODUCTS_DIR; };
		5BF6BE2A1F039F66007C6ECD /* TwitterClientUITests.swift */ = {isa = PBXFileReference; lastKnownFileType = sourcecode.swift; path = TwitterClientUITests.swift; sourceTree = "<group>"; };
		5BF6BE2C1F039F66007C6ECD /* Info.plist */ = {isa = PBXFileReference; lastKnownFileType = text.plist.xml; path = Info.plist; sourceTree = "<group>"; };
		5BF6BE3C1F03A107007C6ECD /* TwitterAPI.swift */ = {isa = PBXFileReference; fileEncoding = 4; lastKnownFileType = sourcecode.swift; path = TwitterAPI.swift; sourceTree = "<group>"; };
		5BF6BE3E1F03A1F0007C6ECD /* User.swift */ = {isa = PBXFileReference; fileEncoding = 4; lastKnownFileType = sourcecode.swift; path = User.swift; sourceTree = "<group>"; };
		5BF6BE401F03A20E007C6ECD /* TimeLine.swift */ = {isa = PBXFileReference; fileEncoding = 4; lastKnownFileType = sourcecode.swift; path = TimeLine.swift; sourceTree = "<group>"; };
		5BF6BE421F03A86E007C6ECD /* LoginViewController.swift */ = {isa = PBXFileReference; fileEncoding = 4; lastKnownFileType = sourcecode.swift; path = LoginViewController.swift; sourceTree = "<group>"; };
		5BF6BE441F03AE92007C6ECD /* TimeLineViewController.swift */ = {isa = PBXFileReference; fileEncoding = 4; lastKnownFileType = sourcecode.swift; path = TimeLineViewController.swift; sourceTree = "<group>"; };
		5F1391E20979EC56F25BA972 /* Pods-TwitterClientUITests.release.xcconfig */ = {isa = PBXFileReference; includeInIndex = 1; lastKnownFileType = text.xcconfig; name = "Pods-TwitterClientUITests.release.xcconfig"; path = "Pods/Target Support Files/Pods-TwitterClientUITests/Pods-TwitterClientUITests.release.xcconfig"; sourceTree = "<group>"; };
		87E1076D1F9589090F208E56 /* Pods-TwitterClientTests.release.xcconfig */ = {isa = PBXFileReference; includeInIndex = 1; lastKnownFileType = text.xcconfig; name = "Pods-TwitterClientTests.release.xcconfig"; path = "Pods/Target Support Files/Pods-TwitterClientTests/Pods-TwitterClientTests.release.xcconfig"; sourceTree = "<group>"; };
		960E75CEE811107F4864725F /* Pods_TwitterClientUITests.framework */ = {isa = PBXFileReference; explicitFileType = wrapper.framework; includeInIndex = 0; path = Pods_TwitterClientUITests.framework; sourceTree = BUILT_PRODUCTS_DIR; };
		A190AE00CB45A7EB8F8E16D3 /* Pods-TwitterClient.release.xcconfig */ = {isa = PBXFileReference; includeInIndex = 1; lastKnownFileType = text.xcconfig; name = "Pods-TwitterClient.release.xcconfig"; path = "Pods/Target Support Files/Pods-TwitterClient/Pods-TwitterClient.release.xcconfig"; sourceTree = "<group>"; };
		BD0C7D2AF3934A23D2556C32 /* Pods-TwitterClientUITests.debug.xcconfig */ = {isa = PBXFileReference; includeInIndex = 1; lastKnownFileType = text.xcconfig; name = "Pods-TwitterClientUITests.debug.xcconfig"; path = "Pods/Target Support Files/Pods-TwitterClientUITests/Pods-TwitterClientUITests.debug.xcconfig"; sourceTree = "<group>"; };
		E543383D05ED638A9E7CF3CD /* Pods-TwitterClientTests.debug.xcconfig */ = {isa = PBXFileReference; includeInIndex = 1; lastKnownFileType = text.xcconfig; name = "Pods-TwitterClientTests.debug.xcconfig"; path = "Pods/Target Support Files/Pods-TwitterClientTests/Pods-TwitterClientTests.debug.xcconfig"; sourceTree = "<group>"; };
/* End PBXFileReference section */

/* Begin PBXFrameworksBuildPhase section */
		5BF6BE041F039F65007C6ECD /* Frameworks */ = {
			isa = PBXFrameworksBuildPhase;
			buildActionMask = 2147483647;
			files = (
				9072CBA25DC6CFB7ED760C4A /* Pods_TwitterClient.framework in Frameworks */,
			);
			runOnlyForDeploymentPostprocessing = 0;
		};
		5BF6BE181F039F65007C6ECD /* Frameworks */ = {
			isa = PBXFrameworksBuildPhase;
			buildActionMask = 2147483647;
			files = (
				650C37973FB51695CF6D328C /* Pods_TwitterClientTests.framework in Frameworks */,
			);
			runOnlyForDeploymentPostprocessing = 0;
		};
		5BF6BE231F039F66007C6ECD /* Frameworks */ = {
			isa = PBXFrameworksBuildPhase;
			buildActionMask = 2147483647;
			files = (
				BF67CD812AC1E01589A16F15 /* Pods_TwitterClientUITests.framework in Frameworks */,
			);
			runOnlyForDeploymentPostprocessing = 0;
		};
/* End PBXFrameworksBuildPhase section */

/* Begin PBXGroup section */
		040239B7052036944B270ECC /* Frameworks */ = {
			isa = PBXGroup;
			children = (
				307AD26A290DB32D80E4BA65 /* Pods_TwitterClient.framework */,
				0C880288F84FBE1F021A0168 /* Pods_TwitterClientTests.framework */,
				960E75CEE811107F4864725F /* Pods_TwitterClientUITests.framework */,
			);
			name = Frameworks;
			sourceTree = "<group>";
		};
		5BDB85721F0896EF00C9ABDA /* Libraries */ = {
			isa = PBXGroup;
			children = (
				5BDB85731F08976600C9ABDA /* Helpers */,
				5BDB85781F08976600C9ABDA /* FaveButton.swift */,
				5BDB85791F08976600C9ABDA /* FaveIcon.swift */,
				5BDB857A1F08976600C9ABDA /* Ring.swift */,
				5BDB857B1F08976600C9ABDA /* Spark.swift */,
			);
			name = Libraries;
			sourceTree = "<group>";
		};
		5BDB85731F08976600C9ABDA /* Helpers */ = {
			isa = PBXGroup;
			children = (
				5BDB85741F08976600C9ABDA /* Constraints+.swift */,
				5BDB85751F08976600C9ABDA /* Easing.swift */,
				5BDB85761F08976600C9ABDA /* Geometry.swift */,
				5BDB85771F08976600C9ABDA /* Init.swift */,
			);
			path = Helpers;
			sourceTree = "<group>";
		};
		5BF6BDFE1F039F64007C6ECD = {
			isa = PBXGroup;
			children = (
				5BF6BE091F039F65007C6ECD /* TwitterClient */,
				5BF6BE1E1F039F65007C6ECD /* TwitterClientTests */,
				5BF6BE291F039F66007C6ECD /* TwitterClientUITests */,
				5BF6BE081F039F65007C6ECD /* Products */,
				DCD18C67FD471C34B69B13A5 /* Pods */,
				040239B7052036944B270ECC /* Frameworks */,
			);
			sourceTree = "<group>";
		};
		5BF6BE081F039F65007C6ECD /* Products */ = {
			isa = PBXGroup;
			children = (
				5BF6BE071F039F65007C6ECD /* TwitterClient.app */,
				5BF6BE1B1F039F65007C6ECD /* TwitterClientTests.xctest */,
				5BF6BE261F039F66007C6ECD /* TwitterClientUITests.xctest */,
			);
			name = Products;
			sourceTree = "<group>";
		};
		5BF6BE091F039F65007C6ECD /* TwitterClient */ = {
			isa = PBXGroup;
			children = (
				5BDB85721F0896EF00C9ABDA /* Libraries */,
				5BF6BE3B1F03A01E007C6ECD /* View Controllers */,
				5BF6BE3A1F03A013007C6ECD /* Models */,
				5BF6BE391F03A00D007C6ECD /* API */,
				5BF6BE381F03A006007C6ECD /* View */,
				5BF6BE0A1F039F65007C6ECD /* AppDelegate.swift */,
				5BF6BE0E1F039F65007C6ECD /* Main.storyboard */,
				5BF6BE111F039F65007C6ECD /* Assets.xcassets */,
				5BF6BE131F039F65007C6ECD /* LaunchScreen.storyboard */,
				5BF6BE161F039F65007C6ECD /* Info.plist */,
				5BDB85861F096B1000C9ABDA /* MyColor.swift */,
			);
			path = TwitterClient;
			sourceTree = "<group>";
		};
		5BF6BE1E1F039F65007C6ECD /* TwitterClientTests */ = {
			isa = PBXGroup;
			children = (
				5BF6BE1F1F039F65007C6ECD /* TwitterClientTests.swift */,
				5BF6BE211F039F65007C6ECD /* Info.plist */,
			);
			path = TwitterClientTests;
			sourceTree = "<group>";
		};
		5BF6BE291F039F66007C6ECD /* TwitterClientUITests */ = {
			isa = PBXGroup;
			children = (
				5BF6BE2A1F039F66007C6ECD /* TwitterClientUITests.swift */,
				5BF6BE2C1F039F66007C6ECD /* Info.plist */,
			);
			path = TwitterClientUITests;
			sourceTree = "<group>";
		};
		5BF6BE381F03A006007C6ECD /* View */ = {
			isa = PBXGroup;
			children = (
				5BCCD0C91F056BB500F1F91A /* TimeLineCell.swift */,
				5BBC189E1F0A0D8D0014209D /* InfiniteScrollActivityView.swift */,
			);
			name = View;
			sourceTree = "<group>";
		};
		5BF6BE391F03A00D007C6ECD /* API */ = {
			isa = PBXGroup;
			children = (
				5BF6BE3C1F03A107007C6ECD /* TwitterAPI.swift */,
			);
			name = API;
			sourceTree = "<group>";
		};
		5BF6BE3A1F03A013007C6ECD /* Models */ = {
			isa = PBXGroup;
			children = (
				5BF6BE3E1F03A1F0007C6ECD /* User.swift */,
				5BF6BE401F03A20E007C6ECD /* TimeLine.swift */,
				5BBC18A21F0A49FB0014209D /* TweetPhoto.swift */,
			);
			name = Models;
			sourceTree = "<group>";
		};
		5BF6BE3B1F03A01E007C6ECD /* View Controllers */ = {
			isa = PBXGroup;
			children = (
				5BF6BE421F03A86E007C6ECD /* LoginViewController.swift */,
				5BF6BE441F03AE92007C6ECD /* TimeLineViewController.swift */,
				5BC7DBAA1F07D64000AEE6D6 /* DetailViewController.swift */,
				5BC7DBAC1F07F8DE00AEE6D6 /* NewTwetterViewController.swift */,
				5BDB85841F0920B800C9ABDA /* ReplyViewController.swift */,
			);
			name = "View Controllers";
			sourceTree = "<group>";
		};
		DCD18C67FD471C34B69B13A5 /* Pods */ = {
			isa = PBXGroup;
			children = (
				5305C9FF10B4A213D3DBC578 /* Pods-TwitterClient.debug.xcconfig */,
				A190AE00CB45A7EB8F8E16D3 /* Pods-TwitterClient.release.xcconfig */,
				E543383D05ED638A9E7CF3CD /* Pods-TwitterClientTests.debug.xcconfig */,
				87E1076D1F9589090F208E56 /* Pods-TwitterClientTests.release.xcconfig */,
				BD0C7D2AF3934A23D2556C32 /* Pods-TwitterClientUITests.debug.xcconfig */,
				5F1391E20979EC56F25BA972 /* Pods-TwitterClientUITests.release.xcconfig */,
			);
			name = Pods;
			sourceTree = "<group>";
		};
/* End PBXGroup section */

/* Begin PBXNativeTarget section */
		5BF6BE061F039F65007C6ECD /* TwitterClient */ = {
			isa = PBXNativeTarget;
			buildConfigurationList = 5BF6BE2F1F039F66007C6ECD /* Build configuration list for PBXNativeTarget "TwitterClient" */;
			buildPhases = (
				F70E9AF419AB16E6FCA5BC35 /* [CP] Check Pods Manifest.lock */,
				5BF6BE031F039F65007C6ECD /* Sources */,
				5BF6BE041F039F65007C6ECD /* Frameworks */,
				5BF6BE051F039F65007C6ECD /* Resources */,
				AF085F6031BDFD58F00AA01E /* [CP] Embed Pods Frameworks */,
				63853ABDA695BE606BA55C99 /* [CP] Copy Pods Resources */,
			);
			buildRules = (
			);
			dependencies = (
			);
			name = TwitterClient;
			productName = TwitterClient;
			productReference = 5BF6BE071F039F65007C6ECD /* TwitterClient.app */;
			productType = "com.apple.product-type.application";
		};
		5BF6BE1A1F039F65007C6ECD /* TwitterClientTests */ = {
			isa = PBXNativeTarget;
			buildConfigurationList = 5BF6BE321F039F66007C6ECD /* Build configuration list for PBXNativeTarget "TwitterClientTests" */;
			buildPhases = (
				3AA9C940F305AB63B75A2109 /* [CP] Check Pods Manifest.lock */,
				5BF6BE171F039F65007C6ECD /* Sources */,
				5BF6BE181F039F65007C6ECD /* Frameworks */,
				5BF6BE191F039F65007C6ECD /* Resources */,
				1ED8F44AE04E5A5A2489E8EA /* [CP] Embed Pods Frameworks */,
				348F55BC43AE3AAD573FAFB4 /* [CP] Copy Pods Resources */,
			);
			buildRules = (
			);
			dependencies = (
				5BF6BE1D1F039F65007C6ECD /* PBXTargetDependency */,
			);
			name = TwitterClientTests;
			productName = TwitterClientTests;
			productReference = 5BF6BE1B1F039F65007C6ECD /* TwitterClientTests.xctest */;
			productType = "com.apple.product-type.bundle.unit-test";
		};
		5BF6BE251F039F66007C6ECD /* TwitterClientUITests */ = {
			isa = PBXNativeTarget;
			buildConfigurationList = 5BF6BE351F039F66007C6ECD /* Build configuration list for PBXNativeTarget "TwitterClientUITests" */;
			buildPhases = (
				875FDE25A5EF1E38DD276120 /* [CP] Check Pods Manifest.lock */,
				5BF6BE221F039F66007C6ECD /* Sources */,
				5BF6BE231F039F66007C6ECD /* Frameworks */,
				5BF6BE241F039F66007C6ECD /* Resources */,
				9E8F23C4BAC7F9ACCFB62D58 /* [CP] Embed Pods Frameworks */,
				DE8BAF3888EBCB289DBA6F94 /* [CP] Copy Pods Resources */,
			);
			buildRules = (
			);
			dependencies = (
				5BF6BE281F039F66007C6ECD /* PBXTargetDependency */,
			);
			name = TwitterClientUITests;
			productName = TwitterClientUITests;
			productReference = 5BF6BE261F039F66007C6ECD /* TwitterClientUITests.xctest */;
			productType = "com.apple.product-type.bundle.ui-testing";
		};
/* End PBXNativeTarget section */

/* Begin PBXProject section */
		5BF6BDFF1F039F65007C6ECD /* Project object */ = {
			isa = PBXProject;
			attributes = {
				LastSwiftUpdateCheck = 0830;
				LastUpgradeCheck = 0830;
				ORGANIZATIONNAME = "Truong Tran";
				TargetAttributes = {
					5BF6BE061F039F65007C6ECD = {
						CreatedOnToolsVersion = 8.3.1;
						DevelopmentTeam = 6X9722GEAR;
						ProvisioningStyle = Automatic;
					};
					5BF6BE1A1F039F65007C6ECD = {
						CreatedOnToolsVersion = 8.3.1;
						DevelopmentTeam = 6X9722GEAR;
						ProvisioningStyle = Automatic;
						TestTargetID = 5BF6BE061F039F65007C6ECD;
					};
					5BF6BE251F039F66007C6ECD = {
						CreatedOnToolsVersion = 8.3.1;
						DevelopmentTeam = 6X9722GEAR;
						ProvisioningStyle = Automatic;
						TestTargetID = 5BF6BE061F039F65007C6ECD;
					};
				};
			};
			buildConfigurationList = 5BF6BE021F039F65007C6ECD /* Build configuration list for PBXProject "TwitterClient" */;
			compatibilityVersion = "Xcode 3.2";
			developmentRegion = English;
			hasScannedForEncodings = 0;
			knownRegions = (
				en,
				Base,
			);
			mainGroup = 5BF6BDFE1F039F64007C6ECD;
			productRefGroup = 5BF6BE081F039F65007C6ECD /* Products */;
			projectDirPath = "";
			projectRoot = "";
			targets = (
				5BF6BE061F039F65007C6ECD /* TwitterClient */,
				5BF6BE1A1F039F65007C6ECD /* TwitterClientTests */,
				5BF6BE251F039F66007C6ECD /* TwitterClientUITests */,
			);
		};
/* End PBXProject section */

/* Begin PBXResourcesBuildPhase section */
		5BF6BE051F039F65007C6ECD /* Resources */ = {
			isa = PBXResourcesBuildPhase;
			buildActionMask = 2147483647;
			files = (
				5BF6BE151F039F65007C6ECD /* LaunchScreen.storyboard in Resources */,
				5BF6BE121F039F65007C6ECD /* Assets.xcassets in Resources */,
				5BF6BE101F039F65007C6ECD /* Main.storyboard in Resources */,
			);
			runOnlyForDeploymentPostprocessing = 0;
		};
		5BF6BE191F039F65007C6ECD /* Resources */ = {
			isa = PBXResourcesBuildPhase;
			buildActionMask = 2147483647;
			files = (
			);
			runOnlyForDeploymentPostprocessing = 0;
		};
		5BF6BE241F039F66007C6ECD /* Resources */ = {
			isa = PBXResourcesBuildPhase;
			buildActionMask = 2147483647;
			files = (
			);
			runOnlyForDeploymentPostprocessing = 0;
		};
/* End PBXResourcesBuildPhase section */

/* Begin PBXShellScriptBuildPhase section */
		1ED8F44AE04E5A5A2489E8EA /* [CP] Embed Pods Frameworks */ = {
			isa = PBXShellScriptBuildPhase;
			buildActionMask = 2147483647;
			files = (
			);
			inputPaths = (
			);
			name = "[CP] Embed Pods Frameworks";
			outputPaths = (
			);
			runOnlyForDeploymentPostprocessing = 0;
			shellPath = /bin/sh;
			shellScript = "\"${SRCROOT}/Pods/Target Support Files/Pods-TwitterClientTests/Pods-TwitterClientTests-frameworks.sh\"\n";
			showEnvVarsInLog = 0;
		};
		348F55BC43AE3AAD573FAFB4 /* [CP] Copy Pods Resources */ = {
			isa = PBXShellScriptBuildPhase;
			buildActionMask = 2147483647;
			files = (
			);
			inputPaths = (
			);
			name = "[CP] Copy Pods Resources";
			outputPaths = (
			);
			runOnlyForDeploymentPostprocessing = 0;
			shellPath = /bin/sh;
			shellScript = "\"${SRCROOT}/Pods/Target Support Files/Pods-TwitterClientTests/Pods-TwitterClientTests-resources.sh\"\n";
			showEnvVarsInLog = 0;
		};
		3AA9C940F305AB63B75A2109 /* [CP] Check Pods Manifest.lock */ = {
			isa = PBXShellScriptBuildPhase;
			buildActionMask = 2147483647;
			files = (
			);
			inputPaths = (
			);
			name = "[CP] Check Pods Manifest.lock";
			outputPaths = (
			);
			runOnlyForDeploymentPostprocessing = 0;
			shellPath = /bin/sh;
			shellScript = "diff \"${PODS_ROOT}/../Podfile.lock\" \"${PODS_ROOT}/Manifest.lock\" > /dev/null\nif [ $? != 0 ] ; then\n    # print error to STDERR\n    echo \"error: The sandbox is not in sync with the Podfile.lock. Run 'pod install' or update your CocoaPods installation.\" >&2\n    exit 1\nfi\n";
			showEnvVarsInLog = 0;
		};
		63853ABDA695BE606BA55C99 /* [CP] Copy Pods Resources */ = {
			isa = PBXShellScriptBuildPhase;
			buildActionMask = 2147483647;
			files = (
			);
			inputPaths = (
			);
			name = "[CP] Copy Pods Resources";
			outputPaths = (
			);
			runOnlyForDeploymentPostprocessing = 0;
			shellPath = /bin/sh;
			shellScript = "\"${SRCROOT}/Pods/Target Support Files/Pods-TwitterClient/Pods-TwitterClient-resources.sh\"\n";
			showEnvVarsInLog = 0;
		};
		875FDE25A5EF1E38DD276120 /* [CP] Check Pods Manifest.lock */ = {
			isa = PBXShellScriptBuildPhase;
			buildActionMask = 2147483647;
			files = (
			);
			inputPaths = (
			);
			name = "[CP] Check Pods Manifest.lock";
			outputPaths = (
			);
			runOnlyForDeploymentPostprocessing = 0;
			shellPath = /bin/sh;
			shellScript = "diff \"${PODS_ROOT}/../Podfile.lock\" \"${PODS_ROOT}/Manifest.lock\" > /dev/null\nif [ $? != 0 ] ; then\n    # print error to STDERR\n    echo \"error: The sandbox is not in sync with the Podfile.lock. Run 'pod install' or update your CocoaPods installation.\" >&2\n    exit 1\nfi\n";
			showEnvVarsInLog = 0;
		};
		9E8F23C4BAC7F9ACCFB62D58 /* [CP] Embed Pods Frameworks */ = {
			isa = PBXShellScriptBuildPhase;
			buildActionMask = 2147483647;
			files = (
			);
			inputPaths = (
			);
			name = "[CP] Embed Pods Frameworks";
			outputPaths = (
			);
			runOnlyForDeploymentPostprocessing = 0;
			shellPath = /bin/sh;
			shellScript = "\"${SRCROOT}/Pods/Target Support Files/Pods-TwitterClientUITests/Pods-TwitterClientUITests-frameworks.sh\"\n";
			showEnvVarsInLog = 0;
		};
		AF085F6031BDFD58F00AA01E /* [CP] Embed Pods Frameworks */ = {
			isa = PBXShellScriptBuildPhase;
			buildActionMask = 2147483647;
			files = (
			);
			inputPaths = (
			);
			name = "[CP] Embed Pods Frameworks";
			outputPaths = (
			);
			runOnlyForDeploymentPostprocessing = 0;
			shellPath = /bin/sh;
			shellScript = "\"${SRCROOT}/Pods/Target Support Files/Pods-TwitterClient/Pods-TwitterClient-frameworks.sh\"\n";
			showEnvVarsInLog = 0;
		};
		DE8BAF3888EBCB289DBA6F94 /* [CP] Copy Pods Resources */ = {
			isa = PBXShellScriptBuildPhase;
			buildActionMask = 2147483647;
			files = (
			);
			inputPaths = (
			);
			name = "[CP] Copy Pods Resources";
			outputPaths = (
			);
			runOnlyForDeploymentPostprocessing = 0;
			shellPath = /bin/sh;
			shellScript = "\"${SRCROOT}/Pods/Target Support Files/Pods-TwitterClientUITests/Pods-TwitterClientUITests-resources.sh\"\n";
			showEnvVarsInLog = 0;
		};
		F70E9AF419AB16E6FCA5BC35 /* [CP] Check Pods Manifest.lock */ = {
			isa = PBXShellScriptBuildPhase;
			buildActionMask = 2147483647;
			files = (
			);
			inputPaths = (
			);
			name = "[CP] Check Pods Manifest.lock";
			outputPaths = (
			);
			runOnlyForDeploymentPostprocessing = 0;
			shellPath = /bin/sh;
			shellScript = "diff \"${PODS_ROOT}/../Podfile.lock\" \"${PODS_ROOT}/Manifest.lock\" > /dev/null\nif [ $? != 0 ] ; then\n    # print error to STDERR\n    echo \"error: The sandbox is not in sync with the Podfile.lock. Run 'pod install' or update your CocoaPods installation.\" >&2\n    exit 1\nfi\n";
			showEnvVarsInLog = 0;
		};
/* End PBXShellScriptBuildPhase section */

/* Begin PBXSourcesBuildPhase section */
		5BF6BE031F039F65007C6ECD /* Sources */ = {
			isa = PBXSourcesBuildPhase;
			buildActionMask = 2147483647;
			files = (
				5BBC189F1F0A0D8D0014209D /* InfiniteScrollActivityView.swift in Sources */,
				5BDB857F1F08976600C9ABDA /* Init.swift in Sources */,
				5BDB85851F0920B800C9ABDA /* ReplyViewController.swift in Sources */,
				5BDB85811F08976600C9ABDA /* FaveIcon.swift in Sources */,
				5BF6BE3F1F03A1F0007C6ECD /* User.swift in Sources */,
				5BDB85871F096B1000C9ABDA /* MyColor.swift in Sources */,
				5BDB857E1F08976600C9ABDA /* Geometry.swift in Sources */,
				5BC7DBAD1F07F8DE00AEE6D6 /* NewTwetterViewController.swift in Sources */,
				5BDB85821F08976600C9ABDA /* Ring.swift in Sources */,
				5BBC18A31F0A49FB0014209D /* TweetPhoto.swift in Sources */,
				5BF6BE3D1F03A107007C6ECD /* TwitterAPI.swift in Sources */,
				5BF6BE411F03A20E007C6ECD /* TimeLine.swift in Sources */,
				5BDB85831F08976600C9ABDA /* Spark.swift in Sources */,
				5BF6BE431F03A86E007C6ECD /* LoginViewController.swift in Sources */,
				5BDB85801F08976600C9ABDA /* FaveButton.swift in Sources */,
				5BF6BE0B1F039F65007C6ECD /* AppDelegate.swift in Sources */,
				5BF6BE451F03AE92007C6ECD /* TimeLineViewController.swift in Sources */,
				5BCCD0CA1F056BB500F1F91A /* TimeLineCell.swift in Sources */,
				5BDB857C1F08976600C9ABDA /* Constraints+.swift in Sources */,
				5BDB857D1F08976600C9ABDA /* Easing.swift in Sources */,
				5BC7DBAB1F07D64000AEE6D6 /* DetailViewController.swift in Sources */,
			);
			runOnlyForDeploymentPostprocessing = 0;
		};
		5BF6BE171F039F65007C6ECD /* Sources */ = {
			isa = PBXSourcesBuildPhase;
			buildActionMask = 2147483647;
			files = (
				5BF6BE201F039F65007C6ECD /* TwitterClientTests.swift in Sources */,
			);
			runOnlyForDeploymentPostprocessing = 0;
		};
		5BF6BE221F039F66007C6ECD /* Sources */ = {
			isa = PBXSourcesBuildPhase;
			buildActionMask = 2147483647;
			files = (
				5BF6BE2B1F039F66007C6ECD /* TwitterClientUITests.swift in Sources */,
			);
			runOnlyForDeploymentPostprocessing = 0;
		};
/* End PBXSourcesBuildPhase section */

/* Begin PBXTargetDependency section */
		5BF6BE1D1F039F65007C6ECD /* PBXTargetDependency */ = {
			isa = PBXTargetDependency;
			target = 5BF6BE061F039F65007C6ECD /* TwitterClient */;
			targetProxy = 5BF6BE1C1F039F65007C6ECD /* PBXContainerItemProxy */;
		};
		5BF6BE281F039F66007C6ECD /* PBXTargetDependency */ = {
			isa = PBXTargetDependency;
			target = 5BF6BE061F039F65007C6ECD /* TwitterClient */;
			targetProxy = 5BF6BE271F039F66007C6ECD /* PBXContainerItemProxy */;
		};
/* End PBXTargetDependency section */

/* Begin PBXVariantGroup section */
		5BF6BE0E1F039F65007C6ECD /* Main.storyboard */ = {
			isa = PBXVariantGroup;
			children = (
				5BF6BE0F1F039F65007C6ECD /* Base */,
			);
			name = Main.storyboard;
			sourceTree = "<group>";
		};
		5BF6BE131F039F65007C6ECD /* LaunchScreen.storyboard */ = {
			isa = PBXVariantGroup;
			children = (
				5BF6BE141F039F65007C6ECD /* Base */,
			);
			name = LaunchScreen.storyboard;
			sourceTree = "<group>";
		};
/* End PBXVariantGroup section */

/* Begin XCBuildConfiguration section */
		5BF6BE2D1F039F66007C6ECD /* Debug */ = {
			isa = XCBuildConfiguration;
			buildSettings = {
				ALWAYS_SEARCH_USER_PATHS = NO;
				CLANG_ANALYZER_NONNULL = YES;
				CLANG_ANALYZER_NUMBER_OBJECT_CONVERSION = YES_AGGRESSIVE;
				CLANG_CXX_LANGUAGE_STANDARD = "gnu++0x";
				CLANG_CXX_LIBRARY = "libc++";
				CLANG_ENABLE_MODULES = YES;
				CLANG_ENABLE_OBJC_ARC = YES;
				CLANG_WARN_BOOL_CONVERSION = YES;
				CLANG_WARN_CONSTANT_CONVERSION = YES;
				CLANG_WARN_DIRECT_OBJC_ISA_USAGE = YES_ERROR;
				CLANG_WARN_DOCUMENTATION_COMMENTS = YES;
				CLANG_WARN_EMPTY_BODY = YES;
				CLANG_WARN_ENUM_CONVERSION = YES;
				CLANG_WARN_INFINITE_RECURSION = YES;
				CLANG_WARN_INT_CONVERSION = YES;
				CLANG_WARN_OBJC_ROOT_CLASS = YES_ERROR;
				CLANG_WARN_SUSPICIOUS_MOVE = YES;
				CLANG_WARN_UNREACHABLE_CODE = YES;
				CLANG_WARN__DUPLICATE_METHOD_MATCH = YES;
				"CODE_SIGN_IDENTITY[sdk=iphoneos*]" = "iPhone Developer";
				COPY_PHASE_STRIP = NO;
				DEBUG_INFORMATION_FORMAT = dwarf;
				ENABLE_STRICT_OBJC_MSGSEND = YES;
				ENABLE_TESTABILITY = YES;
				GCC_C_LANGUAGE_STANDARD = gnu99;
				GCC_DYNAMIC_NO_PIC = NO;
				GCC_NO_COMMON_BLOCKS = YES;
				GCC_OPTIMIZATION_LEVEL = 0;
				GCC_PREPROCESSOR_DEFINITIONS = (
					"DEBUG=1",
					"$(inherited)",
				);
				GCC_WARN_64_TO_32_BIT_CONVERSION = YES;
				GCC_WARN_ABOUT_RETURN_TYPE = YES_ERROR;
				GCC_WARN_UNDECLARED_SELECTOR = YES;
				GCC_WARN_UNINITIALIZED_AUTOS = YES_AGGRESSIVE;
				GCC_WARN_UNUSED_FUNCTION = YES;
				GCC_WARN_UNUSED_VARIABLE = YES;
				IPHONEOS_DEPLOYMENT_TARGET = 10.3;
				MTL_ENABLE_DEBUG_INFO = YES;
				ONLY_ACTIVE_ARCH = YES;
				SDKROOT = iphoneos;
				SWIFT_ACTIVE_COMPILATION_CONDITIONS = DEBUG;
				SWIFT_OPTIMIZATION_LEVEL = "-Onone";
				TARGETED_DEVICE_FAMILY = "1,2";
			};
			name = Debug;
		};
		5BF6BE2E1F039F66007C6ECD /* Release */ = {
			isa = XCBuildConfiguration;
			buildSettings = {
				ALWAYS_SEARCH_USER_PATHS = NO;
				CLANG_ANALYZER_NONNULL = YES;
				CLANG_ANALYZER_NUMBER_OBJECT_CONVERSION = YES_AGGRESSIVE;
				CLANG_CXX_LANGUAGE_STANDARD = "gnu++0x";
				CLANG_CXX_LIBRARY = "libc++";
				CLANG_ENABLE_MODULES = YES;
				CLANG_ENABLE_OBJC_ARC = YES;
				CLANG_WARN_BOOL_CONVERSION = YES;
				CLANG_WARN_CONSTANT_CONVERSION = YES;
				CLANG_WARN_DIRECT_OBJC_ISA_USAGE = YES_ERROR;
				CLANG_WARN_DOCUMENTATION_COMMENTS = YES;
				CLANG_WARN_EMPTY_BODY = YES;
				CLANG_WARN_ENUM_CONVERSION = YES;
				CLANG_WARN_INFINITE_RECURSION = YES;
				CLANG_WARN_INT_CONVERSION = YES;
				CLANG_WARN_OBJC_ROOT_CLASS = YES_ERROR;
				CLANG_WARN_SUSPICIOUS_MOVE = YES;
				CLANG_WARN_UNREACHABLE_CODE = YES;
				CLANG_WARN__DUPLICATE_METHOD_MATCH = YES;
				"CODE_SIGN_IDENTITY[sdk=iphoneos*]" = "iPhone Developer";
				COPY_PHASE_STRIP = NO;
				DEBUG_INFORMATION_FORMAT = "dwarf-with-dsym";
				ENABLE_NS_ASSERTIONS = NO;
				ENABLE_STRICT_OBJC_MSGSEND = YES;
				GCC_C_LANGUAGE_STANDARD = gnu99;
				GCC_NO_COMMON_BLOCKS = YES;
				GCC_WARN_64_TO_32_BIT_CONVERSION = YES;
				GCC_WARN_ABOUT_RETURN_TYPE = YES_ERROR;
				GCC_WARN_UNDECLARED_SELECTOR = YES;
				GCC_WARN_UNINITIALIZED_AUTOS = YES_AGGRESSIVE;
				GCC_WARN_UNUSED_FUNCTION = YES;
				GCC_WARN_UNUSED_VARIABLE = YES;
				IPHONEOS_DEPLOYMENT_TARGET = 10.3;
				MTL_ENABLE_DEBUG_INFO = NO;
				SDKROOT = iphoneos;
				SWIFT_OPTIMIZATION_LEVEL = "-Owholemodule";
				TARGETED_DEVICE_FAMILY = "1,2";
				VALIDATE_PRODUCT = YES;
			};
			name = Release;
		};
		5BF6BE301F039F66007C6ECD /* Debug */ = {
			isa = XCBuildConfiguration;
			baseConfigurationReference = 5305C9FF10B4A213D3DBC578 /* Pods-TwitterClient.debug.xcconfig */;
			buildSettings = {
				ASSETCATALOG_COMPILER_APPICON_NAME = AppIcon;
				DEVELOPMENT_TEAM = 6X9722GEAR;
				INFOPLIST_FILE = TwitterClient/Info.plist;
				LD_RUNPATH_SEARCH_PATHS = "$(inherited) @executable_path/Frameworks";
				PRODUCT_BUNDLE_IDENTIFIER = com.giaitriviet.TwitterClient;
				PRODUCT_NAME = "$(TARGET_NAME)";
				SWIFT_VERSION = 3.0;
			};
			name = Debug;
		};
		5BF6BE311F039F66007C6ECD /* Release */ = {
			isa = XCBuildConfiguration;
			baseConfigurationReference = A190AE00CB45A7EB8F8E16D3 /* Pods-TwitterClient.release.xcconfig */;
			buildSettings = {
				ASSETCATALOG_COMPILER_APPICON_NAME = AppIcon;
				DEVELOPMENT_TEAM = 6X9722GEAR;
				INFOPLIST_FILE = TwitterClient/Info.plist;
				LD_RUNPATH_SEARCH_PATHS = "$(inherited) @executable_path/Frameworks";
				PRODUCT_BUNDLE_IDENTIFIER = com.giaitriviet.TwitterClient;
				PRODUCT_NAME = "$(TARGET_NAME)";
				SWIFT_VERSION = 3.0;
			};
			name = Release;
		};
		5BF6BE331F039F66007C6ECD /* Debug */ = {
			isa = XCBuildConfiguration;
			baseConfigurationReference = E543383D05ED638A9E7CF3CD /* Pods-TwitterClientTests.debug.xcconfig */;
			buildSettings = {
				ALWAYS_EMBED_SWIFT_STANDARD_LIBRARIES = YES;
				BUNDLE_LOADER = "$(TEST_HOST)";
				DEVELOPMENT_TEAM = 6X9722GEAR;
				INFOPLIST_FILE = TwitterClientTests/Info.plist;
				LD_RUNPATH_SEARCH_PATHS = "$(inherited) @executable_path/Frameworks @loader_path/Frameworks";
				PRODUCT_BUNDLE_IDENTIFIER = com.giaitriviet.TwitterClientTests;
				PRODUCT_NAME = "$(TARGET_NAME)";
				SWIFT_VERSION = 3.0;
				TEST_HOST = "$(BUILT_PRODUCTS_DIR)/TwitterClient.app/TwitterClient";
			};
			name = Debug;
		};
		5BF6BE341F039F66007C6ECD /* Release */ = {
			isa = XCBuildConfiguration;
			baseConfigurationReference = 87E1076D1F9589090F208E56 /* Pods-TwitterClientTests.release.xcconfig */;
			buildSettings = {
				ALWAYS_EMBED_SWIFT_STANDARD_LIBRARIES = YES;
				BUNDLE_LOADER = "$(TEST_HOST)";
				DEVELOPMENT_TEAM = 6X9722GEAR;
				INFOPLIST_FILE = TwitterClientTests/Info.plist;
				LD_RUNPATH_SEARCH_PATHS = "$(inherited) @executable_path/Frameworks @loader_path/Frameworks";
				PRODUCT_BUNDLE_IDENTIFIER = com.giaitriviet.TwitterClientTests;
				PRODUCT_NAME = "$(TARGET_NAME)";
				SWIFT_VERSION = 3.0;
				TEST_HOST = "$(BUILT_PRODUCTS_DIR)/TwitterClient.app/TwitterClient";
			};
			name = Release;
		};
		5BF6BE361F039F66007C6ECD /* Debug */ = {
			isa = XCBuildConfiguration;
			baseConfigurationReference = BD0C7D2AF3934A23D2556C32 /* Pods-TwitterClientUITests.debug.xcconfig */;
			buildSettings = {
				ALWAYS_EMBED_SWIFT_STANDARD_LIBRARIES = YES;
				DEVELOPMENT_TEAM = 6X9722GEAR;
				INFOPLIST_FILE = TwitterClientUITests/Info.plist;
				LD_RUNPATH_SEARCH_PATHS = "$(inherited) @executable_path/Frameworks @loader_path/Frameworks";
				PRODUCT_BUNDLE_IDENTIFIER = com.giaitriviet.TwitterClientUITests;
				PRODUCT_NAME = "$(TARGET_NAME)";
				SWIFT_VERSION = 3.0;
				TEST_TARGET_NAME = TwitterClient;
			};
			name = Debug;
		};
		5BF6BE371F039F66007C6ECD /* Release */ = {
			isa = XCBuildConfiguration;
			baseConfigurationReference = 5F1391E20979EC56F25BA972 /* Pods-TwitterClientUITests.release.xcconfig */;
			buildSettings = {
				ALWAYS_EMBED_SWIFT_STANDARD_LIBRARIES = YES;
				DEVELOPMENT_TEAM = 6X9722GEAR;
				INFOPLIST_FILE = TwitterClientUITests/Info.plist;
				LD_RUNPATH_SEARCH_PATHS = "$(inherited) @executable_path/Frameworks @loader_path/Frameworks";
				PRODUCT_BUNDLE_IDENTIFIER = com.giaitriviet.TwitterClientUITests;
				PRODUCT_NAME = "$(TARGET_NAME)";
				SWIFT_VERSION = 3.0;
				TEST_TARGET_NAME = TwitterClient;
			};
			name = Release;
		};
/* End XCBuildConfiguration section */

/* Begin XCConfigurationList section */
		5BF6BE021F039F65007C6ECD /* Build configuration list for PBXProject "TwitterClient" */ = {
			isa = XCConfigurationList;
			buildConfigurations = (
				5BF6BE2D1F039F66007C6ECD /* Debug */,
				5BF6BE2E1F039F66007C6ECD /* Release */,
			);
			defaultConfigurationIsVisible = 0;
			defaultConfigurationName = Release;
		};
		5BF6BE2F1F039F66007C6ECD /* Build configuration list for PBXNativeTarget "TwitterClient" */ = {
			isa = XCConfigurationList;
			buildConfigurations = (
				5BF6BE301F039F66007C6ECD /* Debug */,
				5BF6BE311F039F66007C6ECD /* Release */,
			);
			defaultConfigurationIsVisible = 0;
			defaultConfigurationName = Release;
		};
		5BF6BE321F039F66007C6ECD /* Build configuration list for PBXNativeTarget "TwitterClientTests" */ = {
			isa = XCConfigurationList;
			buildConfigurations = (
				5BF6BE331F039F66007C6ECD /* Debug */,
				5BF6BE341F039F66007C6ECD /* Release */,
			);
			defaultConfigurationIsVisible = 0;
			defaultConfigurationName = Release;
		};
		5BF6BE351F039F66007C6ECD /* Build configuration list for PBXNativeTarget "TwitterClientUITests" */ = {
			isa = XCConfigurationList;
			buildConfigurations = (
				5BF6BE361F039F66007C6ECD /* Debug */,
				5BF6BE371F039F66007C6ECD /* Release */,
			);
			defaultConfigurationIsVisible = 0;
			defaultConfigurationName = Release;
		};
/* End XCConfigurationList section */
	};
	rootObject = 5BF6BDFF1F039F65007C6ECD /* Project object */;
}
